<?xml version="1.0" encoding="utf-8"?>
<Project ToolsVersion="4.0" xmlns="http://schemas.microsoft.com/developer/msbuild/2003">
  <ItemGroup>
    <Filter Include="ソース ファイル">
      <UniqueIdentifier>{4FC737F1-C7A5-4376-A066-2A32D752A2FF}</UniqueIdentifier>
      <Extensions>cpp;c;cc;cxx;def;odl;idl;hpj;bat;asm;asmx</Extensions>
    </Filter>
    <Filter Include="ヘッダー ファイル">
      <UniqueIdentifier>{93995380-89BD-4b04-88EB-625FBE52EBFB}</UniqueIdentifier>
      <Extensions>h;hpp;hxx;hm;inl;inc;xsd</Extensions>
    </Filter>
    <Filter Include="リソース ファイル">
      <UniqueIdentifier>{67DA6AB6-F800-4c08-8B7A-83BB121AAD01}</UniqueIdentifier>
      <Extensions>rc;ico;cur;bmp;dlg;rc2;rct;bin;rgs;gif;jpg;jpeg;jpe;resx;tiff;tif;png;wav;mfcribbon-ms</Extensions>
    </Filter>
    <Filter Include="ソース ファイル\core">
      <UniqueIdentifier>{6b41194a-a3ac-4412-b9f3-e3a1a8d5e4c6}</UniqueIdentifier>
    </Filter>
    <Filter Include="ソース ファイル\testing">
      <UniqueIdentifier>{12513687-fd14-4f52-91e7-8bbc8c8c1051}</UniqueIdentifier>
    </Filter>
    <Filter Include="ソース ファイル\core\solver">
      <UniqueIdentifier>{c24b5c0d-5890-4673-ae77-6e21c07534c1}</UniqueIdentifier>
    </Filter>
    <Filter Include="ソース ファイル\frontend">
      <UniqueIdentifier>{01c952ab-2b15-45e6-9cf1-ddf8bd27fc14}</UniqueIdentifier>
    </Filter>
    <Filter Include="ソース ファイル\util">
      <UniqueIdentifier>{8089f5b4-b665-4790-9a84-7fab86ce0e49}</UniqueIdentifier>
    </Filter>
    <Filter Include="ソース ファイル\nanocsp">
      <UniqueIdentifier>{bdb96a3c-7a91-4d45-81dc-fad2c0858a06}</UniqueIdentifier>
    </Filter>
    <Filter Include="ソース ファイル\nanocsp\core">
      <UniqueIdentifier>{daf383c4-2632-473c-a6cc-fa2c708148f4}</UniqueIdentifier>
    </Filter>
    <Filter Include="ソース ファイル\nanocsp\minisat">
      <UniqueIdentifier>{8a3200b0-2b4e-4a47-b728-81e5c75b7cb4}</UniqueIdentifier>
    </Filter>
    <Filter Include="ソース ファイル\nanocsp\minisat\core">
      <UniqueIdentifier>{8517af55-b398-49d7-b634-e59b782d1a77}</UniqueIdentifier>
    </Filter>
    <Filter Include="ソース ファイル\nanocsp\minisat\mtl">
      <UniqueIdentifier>{2cdf7a87-35b9-4351-bf50-e3347becb1b7}</UniqueIdentifier>
    </Filter>
    <Filter Include="ソース ファイル\nanocsp\minisat\util">
      <UniqueIdentifier>{e61d4c6d-2119-41ed-99be-a3ec18cde2b0}</UniqueIdentifier>
    </Filter>
  </ItemGroup>
  <ItemGroup>
    <Text Include="ReadMe.txt" />
  </ItemGroup>
  <ItemGroup>
    <ClInclude Include="..\src\main.h">
      <Filter>ヘッダー ファイル</Filter>
    </ClInclude>
    <ClInclude Include="..\src\targetver.h">
      <Filter>ヘッダー ファイル</Filter>
    </ClInclude>
    <ClInclude Include="..\src\core\graph.h">
      <Filter>ソース ファイル\core</Filter>
    </ClInclude>
    <ClInclude Include="..\src\core\nurikabe.h">
      <Filter>ソース ファイル\core</Filter>
    </ClInclude>
    <ClInclude Include="..\src\util\util.h">
      <Filter>ソース ファイル\util</Filter>
    </ClInclude>
    <ClInclude Include="..\nanocsp\src\core\NanoCSP.h">
      <Filter>ソース ファイル\nanocsp\core</Filter>
    </ClInclude>
    <ClInclude Include="..\nanocsp\src\core\Expr.hpp">
      <Filter>ソース ファイル\nanocsp\core</Filter>
    </ClInclude>
    <ClInclude Include="..\nanocsp\src\minisat\core\Solver.h">
      <Filter>ソース ファイル\nanocsp\minisat\core</Filter>
    </ClInclude>
    <ClInclude Include="..\nanocsp\src\minisat\core\SolverTypes.h">
      <Filter>ソース ファイル\nanocsp\minisat\core</Filter>
    </ClInclude>
    <ClInclude Include="..\nanocsp\src\minisat\core\Dimacs.h">
      <Filter>ソース ファイル\nanocsp\minisat\core</Filter>
    </ClInclude>
    <ClInclude Include="..\nanocsp\src\minisat\minisat_wrap.h">
      <Filter>ソース ファイル\nanocsp\minisat</Filter>
    </ClInclude>
    <ClInclude Include="..\nanocsp\src\minisat\mtl\Queue.h">
      <Filter>ソース ファイル\nanocsp\minisat\mtl</Filter>
    </ClInclude>
    <ClInclude Include="..\nanocsp\src\minisat\mtl\Sort.h">
      <Filter>ソース ファイル\nanocsp\minisat\mtl</Filter>
    </ClInclude>
    <ClInclude Include="..\nanocsp\src\minisat\mtl\Vec.h">
      <Filter>ソース ファイル\nanocsp\minisat\mtl</Filter>
    </ClInclude>
    <ClInclude Include="..\nanocsp\src\minisat\mtl\XAlloc.h">
      <Filter>ソース ファイル\nanocsp\minisat\mtl</Filter>
    </ClInclude>
    <ClInclude Include="..\nanocsp\src\minisat\mtl\Alg.h">
      <Filter>ソース ファイル\nanocsp\minisat\mtl</Filter>
    </ClInclude>
    <ClInclude Include="..\nanocsp\src\minisat\mtl\Alloc.h">
      <Filter>ソース ファイル\nanocsp\minisat\mtl</Filter>
    </ClInclude>
    <ClInclude Include="..\nanocsp\src\minisat\mtl\Heap.h">
      <Filter>ソース ファイル\nanocsp\minisat\mtl</Filter>
    </ClInclude>
    <ClInclude Include="..\nanocsp\src\minisat\mtl\IntTypes.h">
      <Filter>ソース ファイル\nanocsp\minisat\mtl</Filter>
    </ClInclude>
    <ClInclude Include="..\nanocsp\src\minisat\mtl\Map.h">
      <Filter>ソース ファイル\nanocsp\minisat\mtl</Filter>
    </ClInclude>
    <ClInclude Include="..\nanocsp\src\minisat\utils\System.h">
      <Filter>ソース ファイル\nanocsp\minisat\util</Filter>
    </ClInclude>
    <ClInclude Include="..\nanocsp\src\minisat\utils\Options.h">
      <Filter>ソース ファイル\nanocsp\minisat\util</Filter>
    </ClInclude>
    <ClInclude Include="..\nanocsp\src\minisat\utils\ParseUtils.h">
      <Filter>ソース ファイル\nanocsp\minisat\util</Filter>
    </ClInclude>
  </ItemGroup>
  <ItemGroup>
    <ClCompile Include="..\src\main.cpp">
      <Filter>ソース ファイル</Filter>
    </ClCompile>
    <ClCompile Include="..\src\core\reachability.cpp">
      <Filter>ソース ファイル\core\solver</Filter>
    </ClCompile>
    <ClCompile Include="..\src\core\solver.cpp">
      <Filter>ソース ファイル\core\solver</Filter>
    </ClCompile>
    <ClCompile Include="..\src\core\ex_black.cpp">
      <Filter>ソース ファイル\core\solver</Filter>
    </ClCompile>
    <ClCompile Include="..\src\core\ex_white.cpp">
      <Filter>ソース ファイル\core\solver</Filter>
    </ClCompile>
    <ClCompile Include="..\src\core\field.cpp">
      <Filter>ソース ファイル\core</Filter>
    </ClCompile>
    <ClCompile Include="..\src\frontend\pb_frontend.cpp">
      <Filter>ソース ファイル\frontend</Filter>
    </ClCompile>
    <ClCompile Include="..\src\util\util.cpp">
      <Filter>ソース ファイル\util</Filter>
    </ClCompile>
    <ClCompile Include="..\src\testing\graph_test.cpp">
      <Filter>ソース ファイル\testing</Filter>
    </ClCompile>
    <ClCompile Include="..\src\testing\problem_tester.cpp">
      <Filter>ソース ファイル\testing</Filter>
    </ClCompile>
    <ClCompile Include="..\nanocsp\src\core\Variables.cpp">
      <Filter>ソース ファイル\nanocsp\core</Filter>
    </ClCompile>
    <ClCompile Include="..\nanocsp\src\core\CSPSolver.cpp">
      <Filter>ソース ファイル\nanocsp\core</Filter>
    </ClCompile>
    <ClCompile Include="..\nanocsp\src\minisat\core\Solver.cc">
      <Filter>ソース ファイル\nanocsp\minisat\core</Filter>
    </ClCompile>
    <ClCompile Include="..\nanocsp\src\minisat\minisat_wrap.cpp">
      <Filter>ソース ファイル\nanocsp\minisat</Filter>
    </ClCompile>
    <ClCompile Include="..\nanocsp\src\minisat\utils\Options.cc">
      <Filter>ソース ファイル\nanocsp\minisat\util</Filter>
    </ClCompile>
    <ClCompile Include="..\nanocsp\src\minisat\utils\System.cc">
      <Filter>ソース ファイル\nanocsp\minisat\util</Filter>
    </ClCompile>
    <ClCompile Include="..\src\core\csp_reduction.cpp">
      <Filter>ソース ファイル\core\solver</Filter>
    </ClCompile>
    <ClCompile Include="..\src\testing\csp_test.cpp">
      <Filter>ソース ファイル\testing</Filter>
    </ClCompile>
  </ItemGroup>
  <ItemGroup>
    <None Include="ClassDiagram.cd" />
  </ItemGroup>
</Project>